
Microsoft Visual Studio Solution File, Format Version 12.00
# Visual Studio Version 17
VisualStudioVersion = 17.8.34408.163
MinimumVisualStudioVersion = 10.0.40219.1
Project("{FAE04EC0-301F-11D3-BF4B-00C04F79EFBC}") = "DotaApp", "DotaApp\DotaApp.csproj", "{A2C55FF2-AE75-4039-B87B-0F402207EF9B}"
EndProject
Global
	GlobalSection(SolutionConfigurationPlatforms) = preSolution
		Debug|Any CPU = Debug|Any CPU
		Release|Any CPU = Release|Any CPU
	EndGlobalSection
	GlobalSection(ProjectConfigurationPlatforms) = postSolution
		{A2C55FF2-AE75-4039-B87B-0F402207EF9B}.Debug|Any CPU.ActiveCfg = Debug|Any CPU
		{A2C55FF2-AE75-4039-B87B-0F402207EF9B}.Debug|Any CPU.Build.0 = Debug|Any CPU
		{A2C55FF2-AE75-4039-B87B-0F402207EF9B}.Debug|Any CPU.Deploy.0 = Debug|Any CPU
		{A2C55FF2-AE75-4039-B87B-0F402207EF9B}.Release|Any CPU.ActiveCfg = Release|Any CPU
		{A2C55FF2-AE75-4039-B87B-0F402207EF9B}.Release|Any CPU.Build.0 = Release|Any CPU
		{A2C55FF2-AE75-4039-B87B-0F402207EF9B}.Release|Any CPU.Deploy.0 = Release|Any CPU
	EndGlobalSection
	GlobalSection(SolutionProperties) = preSolution
		HideSolutionNode = FALSE
	EndGlobalSection
	GlobalSection(ExtensibilityGlobals) = postSolution
		SolutionGuid = {17A04ABD-2E89-440D-9537-8844A0FD9833}
	EndGlobalSection
EndGlobal
